// !$*UTF8*$!
{
	archiveVersion = 1;
	classes = {
	};
	objectVersion = 77;
	objects = {

/* Begin PBXFileReference section */
		FA3806B42EE3D5DE00DBD69D /* dailyquote.app */ = {isa = PBXFileReference; explicitFileType = wrapper.application; includeInIndex = 0; name = dailyquote.app; path = "/Users/alex/Documents/IOS projects/dailyquote/build/Debug-iphoneos/dailyquote.app"; sourceTree = "<absolute>"; };
		FA3806B52EE3D68A00DBD69D /* ContentView 2.swift */ = {isa = PBXFileReference; lastKnownFileType = sourcecode.swift; path = "ContentView 2.swift"; sourceTree = "<group>"; };
		FA3806B62EE3D68A00DBD69D /* DailyWisdomApp.swift */ = {isa = PBXFileReference; lastKnownFileType = sourcecode.swift; path = DailyWisdomApp.swift; sourceTree = "<group>"; };
		FA3806B72EE3D68A00DBD69D /* Info.plist */ = {isa = PBXFileReference; lastKnownFileType = text.plist.xml; path = Info.plist; sourceTree = "<group>"; };
		FA3806B82EE3D68A00DBD69D /* AppearanceSettings.swift */ = {isa = PBXFileReference; lastKnownFileType = sourcecode.swift; path = AppearanceSettings.swift; sourceTree = "<group>"; };
		FA3806B92EE3D68A00DBD69D /* AppView.swift */ = {isa = PBXFileReference; lastKnownFileType = sourcecode.swift; path = AppView.swift; sourceTree = "<group>"; };
		FA3806BA2EE3D68A00DBD69D /* Quote.swift */ = {isa = PBXFileReference; lastKnownFileType = sourcecode.swift; path = Quote.swift; sourceTree = "<group>"; };
		FA3806BC2EE3D68A00DBD69D /* GeminiService.swift */ = {isa = PBXFileReference; lastKnownFileType = sourcecode.swift; path = GeminiService.swift; sourceTree = "<group>"; };
		FA3806BE2EE3D68A00DBD69D /* AppearanceManager.swift */ = {isa = PBXFileReference; lastKnownFileType = sourcecode.swift; path = AppearanceManager.swift; sourceTree = "<group>"; };
		FA3806BF2EE3D68A00DBD69D /* FavoritesManager.swift */ = {isa = PBXFileReference; lastKnownFileType = sourcecode.swift; path = FavoritesManager.swift; sourceTree = "<group>"; };
		FA3806C02EE3D68A00DBD69D /* GradientColors.swift */ = {isa = PBXFileReference; lastKnownFileType = sourcecode.swift; path = GradientColors.swift; sourceTree = "<group>"; };
		FA3806C12EE3D68A00DBD69D /* HapticManager.swift */ = {isa = PBXFileReference; lastKnownFileType = sourcecode.swift; path = HapticManager.swift; sourceTree = "<group>"; };
		FA3806C32EE3D68A00DBD69D /* FavoritesListView.swift */ = {isa = PBXFileReference; lastKnownFileType = sourcecode.swift; path = FavoritesListView.swift; sourceTree = "<group>"; };
		FA3806C42EE3D68A00DBD69D /* FeedView.swift */ = {isa = PBXFileReference; lastKnownFileType = sourcecode.swift; path = FeedView.swift; sourceTree = "<group>"; };
		FA3806C52EE3D68A00DBD69D /* QuoteSlideView.swift */ = {isa = PBXFileReference; lastKnownFileType = sourcecode.swift; path = QuoteSlideView.swift; sourceTree = "<group>"; };
		FA3806C62EE3D68A00DBD69D /* TabBarView.swift */ = {isa = PBXFileReference; lastKnownFileType = sourcecode.swift; path = TabBarView.swift; sourceTree = "<group>"; };
/* End PBXFileReference section */

/* Begin PBXFrameworksBuildPhase section */
		FAE359002ED7600A00518DCD /* Frameworks */ = {
			isa = PBXFrameworksBuildPhase;
			buildActionMask = 2147483647;
			files = (
			);
			runOnlyForDeploymentPostprocessing = 0;
		};
/* End PBXFrameworksBuildPhase section */

/* Begin PBXGroup section */
		FA3806BB2EE3D68A00DBD69D /* Models */ = {
			isa = PBXGroup;
			children = (
				FA3806B82EE3D68A00DBD69D /* AppearanceSettings.swift */,
				FA3806B92EE3D68A00DBD69D /* AppView.swift */,
				FA3806BA2EE3D68A00DBD69D /* Quote.swift */,
			);
			path = Models;
			sourceTree = "<group>";
		};
		FA3806BD2EE3D68A00DBD69D /* Services 2 */ = {
			isa = PBXGroup;
			children = (
				FA3806BC2EE3D68A00DBD69D /* GeminiService.swift */,
			);
			path = "Services 2";
			sourceTree = "<group>";
		};
		FA3806C22EE3D68A00DBD69D /* Utils */ = {
			isa = PBXGroup;
			children = (
				FA3806BE2EE3D68A00DBD69D /* AppearanceManager.swift */,
				FA3806BF2EE3D68A00DBD69D /* FavoritesManager.swift */,
				FA3806C02EE3D68A00DBD69D /* GradientColors.swift */,
				FA3806C12EE3D68A00DBD69D /* HapticManager.swift */,
			);
			path = Utils;
			sourceTree = "<group>";
		};
		FA3806C72EE3D68A00DBD69D /* Views */ = {
			isa = PBXGroup;
			children = (
				FA3806C32EE3D68A00DBD69D /* FavoritesListView.swift */,
				FA3806C42EE3D68A00DBD69D /* FeedView.swift */,
				FA3806C52EE3D68A00DBD69D /* QuoteSlideView.swift */,
				FA3806C62EE3D68A00DBD69D /* TabBarView.swift */,
			);
			path = Views;
			sourceTree = "<group>";
		};
		FAE358FA2ED7600A00518DCD = {
			isa = PBXGroup;
			children = (
				FA3806B52EE3D68A00DBD69D /* ContentView 2.swift */,
				FA3806B62EE3D68A00DBD69D /* DailyWisdomApp.swift */,
				FA3806B72EE3D68A00DBD69D /* Info.plist */,
				FA3806BB2EE3D68A00DBD69D /* Models */,
				FA3806BD2EE3D68A00DBD69D /* Services 2 */,
				FA3806C22EE3D68A00DBD69D /* Utils */,
				FA3806C72EE3D68A00DBD69D /* Views */,
			);
			sourceTree = "<group>";
		};
/* End PBXGroup section */

/* Begin PBXNativeTarget section */
		FAE359022ED7600A00518DCD /* dailyquote */ = {
			isa = PBXNativeTarget;
			buildConfigurationList = FAE3590E2ED7600C00518DCD /* Build configuration list for PBXNativeTarget "dailyquote" */;
			buildPhases = (
				FAE358FF2ED7600A00518DCD /* Sources */,
				FAE359002ED7600A00518DCD /* Frameworks */,
				FAE359012ED7600A00518DCD /* Resources */,
			);
			buildRules = (
			);
			dependencies = (
			);
			name = dailyquote;
			packageProductDependencies = (
			);
			productName = dailyquote;
			productReference = FA3806B42EE3D5DE00DBD69D /* dailyquote.app */;
			productType = "com.apple.product-type.application";
		};
/* End PBXNativeTarget section */

/* Begin PBXProject section */
		FAE358FB2ED7600A00518DCD /* Project object */ = {
			isa = PBXProject;
			attributes = {
				BuildIndependentTargetsInParallel = 1;
				LastSwiftUpdateCheck = 2610;
				LastUpgradeCheck = 2610;
				TargetAttributes = {
					FAE359022ED7600A00518DCD = {
						CreatedOnToolsVersion = 26.1.1;
						LastSwiftMigration = 2610;
					};
				};
			};
			buildConfigurationList = FAE358FE2ED7600A00518DCD /* Build configuration list for PBXProject "dailyquote" */;
			developmentRegion = en;
			hasScannedForEncodings = 0;
			knownRegions = (
				en,
				Base,
			);
			mainGroup = FAE358FA2ED7600A00518DCD;
			minimizedProjectReferenceProxies = 1;
			preferredProjectObjectVersion = 77;
			productRefGroup = FAE358FA2ED7600A00518DCD;
			projectDirPath = "";
			projectRoot = "";
			targets = (
				FAE359022ED7600A00518DCD /* dailyquote */,
			);
		};
/* End PBXProject section */

/* Begin PBXResourcesBuildPhase section */
		FAE359012ED7600A00518DCD /* Resources */ = {
			isa = PBXResourcesBuildPhase;
			buildActionMask = 2147483647;
			files = (
			);
			runOnlyForDeploymentPostprocessing = 0;
		};
/* End PBXResourcesBuildPhase section */

/* Begin PBXSourcesBuildPhase section */
		FAE358FF2ED7600A00518DCD /* Sources */ = {
			isa = PBXSourcesBuildPhase;
			buildActionMask = 2147483647;
			files = (
			);
			runOnlyForDeploymentPostprocessing = 0;
		};
/* End PBXSourcesBuildPhase section */

/* Begin XCBuildConfiguration section */
		FAE3590C2ED7600C00518DCD /* Debug */ = {
			isa = XCBuildConfiguration;
			buildSettings = {
				ALWAYS_SEARCH_USER_PATHS = NO;
				ASSETCATALOG_COMPILER_GENERATE_SWIFT_ASSET_SYMBOL_EXTENSIONS = YES;
				CLANG_ANALYZER_NONNULL = YES;
				CLANG_ANALYZER_NUMBER_OBJECT_CONVERSION = YES_AGGRESSIVE;
				CLANG_CXX_LANGUAGE_STANDARD = "gnu++20";
				CLANG_ENABLE_MODULES = YES;
				CLANG_ENABLE_OBJC_ARC = YES;
				CLANG_ENABLE_OBJC_WEAK = YES;
				CLANG_WARN_BLOCK_CAPTURE_AUTORELEASING = YES;
				CLANG_WARN_BOOL_CONVERSION = YES;
				CLANG_WARN_COMMA = YES;
				CLANG_WARN_CONSTANT_CONVERSION = YES;
				CLANG_WARN_DEPRECATED_OBJC_IMPLEMENTATIONS = YES;
				CLANG_WARN_DIRECT_OBJC_ISA_USAGE = YES_ERROR;
				CLANG_WARN_DOCUMENTATION_COMMENTS = YES;
				CLANG_WARN_EMPTY_BODY = YES;
				CLANG_WARN_ENUM_CONVERSION = YES;
				CLANG_WARN_INFINITE_RECURSION = YES;
				CLANG_WARN_INT_CONVERSION = YES;
				CLANG_WARN_NON_LITERAL_NULL_CONVERSION = YES;
				CLANG_WARN_OBJC_IMPLICIT_RETAIN_SELF = YES;
				CLANG_WARN_OBJC_LITERAL_CONVERSION = YES;
				CLANG_WARN_OBJC_ROOT_CLASS = YES_ERROR;
				CLANG_WARN_QUOTED_INCLUDE_IN_FRAMEWORK_HEADER = YES;
				CLANG_WARN_RANGE_LOOP_ANALYSIS = YES;
				CLANG_WARN_STRICT_PROTOTYPES = YES;
				CLANG_WARN_SUSPICIOUS_MOVE = YES;
				CLANG_WARN_UNGUARDED_AVAILABILITY = YES_AGGRESSIVE;
				CLANG_WARN_UNREACHABLE_CODE = YES;
				CLANG_WARN__DUPLICATE_METHOD_MATCH = YES;
				COPY_PHASE_STRIP = NO;
				DEBUG_INFORMATION_FORMAT = dwarf;
				ENABLE_STRICT_OBJC_MSGSEND = YES;
				ENABLE_TESTABILITY = YES;
				ENABLE_USER_SCRIPT_SANDBOXING = YES;
				GCC_C_LANGUAGE_STANDARD = gnu17;
				GCC_DYNAMIC_NO_PIC = NO;
				GCC_NO_COMMON_BLOCKS = YES;
				GCC_OPTIMIZATION_LEVEL = 0;
				GCC_PREPROCESSOR_DEFINITIONS = (
					"DEBUG=1",
					"$(inherited)",
				);
				GCC_WARN_64_TO_32_BIT_CONVERSION = YES;
				GCC_WARN_ABOUT_RETURN_TYPE = YES_ERROR;
				GCC_WARN_UNDECLARED_SELECTOR = YES;
				GCC_WARN_UNINITIALIZED_AUTOS = YES_AGGRESSIVE;
				GCC_WARN_UNUSED_FUNCTION = YES;
				GCC_WARN_UNUSED_VARIABLE = YES;
				IPHONEOS_DEPLOYMENT_TARGET = 26.1;
				LOCALIZATION_PREFERS_STRING_CATALOGS = YES;
				MTL_ENABLE_DEBUG_INFO = INCLUDE_SOURCE;
				MTL_FAST_MATH = YES;
				ONLY_ACTIVE_ARCH = YES;
				SDKROOT = iphoneos;
				SWIFT_ACTIVE_COMPILATION_CONDITIONS = "DEBUG $(inherited)";
				SWIFT_OPTIMIZATION_LEVEL = "-Onone";
			};
			name = Debug;
		};
		FAE3590D2ED7600C00518DCD /* Release */ = {
			isa = XCBuildConfiguration;
			buildSettings = {
				ALWAYS_SEARCH_USER_PATHS = NO;
				ASSETCATALOG_COMPILER_GENERATE_SWIFT_ASSET_SYMBOL_EXTENSIONS = YES;
				CLANG_ANALYZER_NONNULL = YES;
				CLANG_ANALYZER_NUMBER_OBJECT_CONVERSION = YES_AGGRESSIVE;
				CLANG_CXX_LANGUAGE_STANDARD = "gnu++20";
				CLANG_ENABLE_MODULES = YES;
				CLANG_ENABLE_OBJC_ARC = YES;
				CLANG_ENABLE_OBJC_WEAK = YES;
				CLANG_WARN_BLOCK_CAPTURE_AUTORELEASING = YES;
				CLANG_WARN_BOOL_CONVERSION = YES;
				CLANG_WARN_COMMA = YES;
				CLANG_WARN_CONSTANT_CONVERSION = YES;
				CLANG_WARN_DEPRECATED_OBJC_IMPLEMENTATIONS = YES;
				CLANG_WARN_DIRECT_OBJC_ISA_USAGE = YES_ERROR;
				CLANG_WARN_DOCUMENTATION_COMMENTS = YES;
				CLANG_WARN_EMPTY_BODY = YES;
				CLANG_WARN_ENUM_CONVERSION = YES;
				CLANG_WARN_INFINITE_RECURSION = YES;
				CLANG_WARN_INT_CONVERSION = YES;
				CLANG_WARN_NON_LITERAL_NULL_CONVERSION = YES;
				CLANG_WARN_OBJC_IMPLICIT_RETAIN_SELF = YES;
				CLANG_WARN_OBJC_LITERAL_CONVERSION = YES;
				CLANG_WARN_OBJC_ROOT_CLASS = YES_ERROR;
				CLANG_WARN_QUOTED_INCLUDE_IN_FRAMEWORK_HEADER = YES;
				CLANG_WARN_RANGE_LOOP_ANALYSIS = YES;
				CLANG_WARN_STRICT_PROTOTYPES = YES;
				CLANG_WARN_SUSPICIOUS_MOVE = YES;
				CLANG_WARN_UNGUARDED_AVAILABILITY = YES_AGGRESSIVE;
				CLANG_WARN_UNREACHABLE_CODE = YES;
				CLANG_WARN__DUPLICATE_METHOD_MATCH = YES;
				COPY_PHASE_STRIP = NO;
				DEBUG_INFORMATION_FORMAT = "dwarf-with-dsym";
				ENABLE_NS_ASSERTIONS = NO;
				ENABLE_STRICT_OBJC_MSGSEND = YES;
				ENABLE_USER_SCRIPT_SANDBOXING = YES;
				GCC_C_LANGUAGE_STANDARD = gnu17;
				GCC_NO_COMMON_BLOCKS = YES;
				GCC_WARN_64_TO_32_BIT_CONVERSION = YES;
				GCC_WARN_ABOUT_RETURN_TYPE = YES_ERROR;
				GCC_WARN_UNDECLARED_SELECTOR = YES;
				GCC_WARN_UNINITIALIZED_AUTOS = YES_AGGRESSIVE;
				GCC_WARN_UNUSED_FUNCTION = YES;
				GCC_WARN_UNUSED_VARIABLE = YES;
				IPHONEOS_DEPLOYMENT_TARGET = 26.1;
				LOCALIZATION_PREFERS_STRING_CATALOGS = YES;
				MTL_ENABLE_DEBUG_INFO = NO;
				MTL_FAST_MATH = YES;
				SDKROOT = iphoneos;
				SWIFT_COMPILATION_MODE = wholemodule;
				VALIDATE_PRODUCT = YES;
			};
			name = Release;
		};
		FAE3590F2ED7600C00518DCD /* Debug */ = {
			isa = XCBuildConfiguration;
			buildSettings = {
				ASSETCATALOG_COMPILER_APPICON_NAME = AppIcon;
				ASSETCATALOG_COMPILER_GLOBAL_ACCENT_COLOR_NAME = AccentColor;
				CLANG_ENABLE_MODULES = YES;
				CODE_SIGN_STYLE = Automatic;
				CURRENT_PROJECT_VERSION = 1;
				ENABLE_PREVIEWS = YES;
				GENERATE_INFOPLIST_FILE = YES;
				INFOPLIST_KEY_UIApplicationSceneManifest_Generation = YES;
				INFOPLIST_KEY_UIApplicationSupportsIndirectInputEvents = YES;
				INFOPLIST_KEY_UILaunchScreen_Generation = YES;
				INFOPLIST_KEY_UISupportedInterfaceOrientations_iPad = "UIInterfaceOrientationPortrait UIInterfaceOrientationPortraitUpsideDown UIInterfaceOrientationLandscapeLeft UIInterfaceOrientationLandscapeRight";
				INFOPLIST_KEY_UISupportedInterfaceOrientations_iPhone = "UIInterfaceOrientationPortrait UIInterfaceOrientationLandscapeLeft UIInterfaceOrientationLandscapeRight";
				LD_RUNPATH_SEARCH_PATHS = (
					"$(inherited)",
					"@executable_path/Frameworks",
				);
				MARKETING_VERSION = 1.0;
				PRODUCT_BUNDLE_IDENTIFIER = BiBoBiBo.dailyquote;
				PRODUCT_NAME = "$(TARGET_NAME)";
				STRING_CATALOG_GENERATE_SYMBOLS = YES;
				SWIFT_APPROACHABLE_CONCURRENCY = YES;
				SWIFT_DEFAULT_ACTOR_ISOLATION = MainActor;
				SWIFT_EMIT_LOC_STRINGS = YES;
				SWIFT_OBJC_BRIDGING_HEADER = "dailyquote-Bridging-Header.h";
				SWIFT_OPTIMIZATION_LEVEL = "-Onone";
				SWIFT_UPCOMING_FEATURE_MEMBER_IMPORT_VISIBILITY = YES;
				SWIFT_VERSION = 5.0;
				TARGETED_DEVICE_FAMILY = "1,2";
			};
			name = Debug;
		};
		FAE359102ED7600C00518DCD /* Release */ = {
			isa = XCBuildConfiguration;
			buildSettings = {
				ASSETCATALOG_COMPILER_APPICON_NAME = AppIcon;
				ASSETCATALOG_COMPILER_GLOBAL_ACCENT_COLOR_NAME = AccentColor;
				CLANG_ENABLE_MODULES = YES;
				CODE_SIGN_STYLE = Automatic;
				CURRENT_PROJECT_VERSION = 1;
				ENABLE_PREVIEWS = YES;
				GENERATE_INFOPLIST_FILE = YES;
				INFOPLIST_KEY_UIApplicationSceneManifest_Generation = YES;
				INFOPLIST_KEY_UIApplicationSupportsIndirectInputEvents = YES;
				INFOPLIST_KEY_UILaunchScreen_Generation = YES;
				INFOPLIST_KEY_UISupportedInterfaceOrientations_iPad = "UIInterfaceOrientationPortrait UIInterfaceOrientationPortraitUpsideDown UIInterfaceOrientationLandscapeLeft UIInterfaceOrientationLandscapeRight";
				INFOPLIST_KEY_UISupportedInterfaceOrientations_iPhone = "UIInterfaceOrientationPortrait UIInterfaceOrientationLandscapeLeft UIInterfaceOrientationLandscapeRight";
				LD_RUNPATH_SEARCH_PATHS = (
					"$(inherited)",
					"@executable_path/Frameworks",
				);
				MARKETING_VERSION = 1.0;
				PRODUCT_BUNDLE_IDENTIFIER = BiBoBiBo.dailyquote;
				PRODUCT_NAME = "$(TARGET_NAME)";
				STRING_CATALOG_GENERATE_SYMBOLS = YES;
				SWIFT_APPROACHABLE_CONCURRENCY = YES;
				SWIFT_DEFAULT_ACTOR_ISOLATION = MainActor;
				SWIFT_EMIT_LOC_STRINGS = YES;
				SWIFT_OBJC_BRIDGING_HEADER = "dailyquote-Bridging-Header.h";
				SWIFT_UPCOMING_FEATURE_MEMBER_IMPORT_VISIBILITY = YES;
				SWIFT_VERSION = 5.0;
				TARGETED_DEVICE_FAMILY = "1,2";
			};
			name = Release;
		};
/* End XCBuildConfiguration section */

/* Begin XCConfigurationList section */
		FAE358FE2ED7600A00518DCD /* Build configuration list for PBXProject "dailyquote" */ = {
			isa = XCConfigurationList;
			buildConfigurations = (
				FAE3590C2ED7600C00518DCD /* Debug */,
				FAE3590D2ED7600C00518DCD /* Release */,
			);
			defaultConfigurationIsVisible = 0;
			defaultConfigurationName = Release;
		};
		FAE3590E2ED7600C00518DCD /* Build configuration list for PBXNativeTarget "dailyquote" */ = {
			isa = XCConfigurationList;
			buildConfigurations = (
				FAE3590F2ED7600C00518DCD /* Debug */,
				FAE359102ED7600C00518DCD /* Release */,
			);
			defaultConfigurationIsVisible = 0;
			defaultConfigurationName = Release;
		};
/* End XCConfigurationList section */
	};
	rootObject = FAE358FB2ED7600A00518DCD /* Project object */;
}
